# This file is @generated by PDM.
# It is not intended for manual editing.

[metadata]
groups = ["default"]
strategy = ["cross_platform", "inherit_metadata"]
lock_version = "4.5.0"
content_hash = "sha256:8f8428e4cb33d6a0d95c67113414ffe2998e2d8772a6c550918d35808dba2ea3"

[[metadata.targets]]
requires_python = ">=3.9"

[[package]]
name = "shipzo-divide-hun"
version = "0.1.0"
requires_python = ">=3.9"
summary = "Default template for PDM package"
groups = ["default"]
files = [
    {file = "shipzo_divide_hun-0.1.0-py3-none-any.whl", hash = "sha256:ac031c063ea49fcabecdc72a7701dc9830ec58bcaeec3bbb6b403690a94fe370"},
    {file = "shipzo_divide_hun-0.1.0.tar.gz", hash = "sha256:914903f0805e4b17b2ff9d0f4aee5a4538cd74482c6fa3289a63eac52c5ae5c5"},
]

[[package]]
name = "shipzo-mult-hun"
version = "0.1.0"
requires_python = ">=3.9"
summary = "Default template for PDM package"
groups = ["default"]
files = [
    {file = "shipzo_mult_hun-0.1.0-py3-none-any.whl", hash = "sha256:cd11c137885cbde69e627303fbde4718690009d841d82582613162d47f78d2e9"},
    {file = "shipzo_mult_hun-0.1.0.tar.gz", hash = "sha256:7a17acf57d5db3f14d0e104e6eb83ab1d32477a0eba4d2e1281527d7668c535f"},
]

[[package]]
name = "shipzo-plus-hun"
version = "0.1.6"
requires_python = ">=3.9"
summary = "Shipzo Plus 기능을 제공하는 패키지"
groups = ["default"]
files = [
    {file = "shipzo_plus_hun-0.1.6-py3-none-any.whl", hash = "sha256:43b54626dec8dcc9115116e8a0f85e856267914baff176c2eafe76aba5ec6ec4"},
    {file = "shipzo_plus_hun-0.1.6.tar.gz", hash = "sha256:b191eaef2eb7da68eacd65a03b6d6a43146d478438293a2c4863397db2813bcf"},
]
