# This file is @generated by PDM.
# It is not intended for manual editing.

[metadata]
groups = ["default"]
strategy = ["cross_platform", "inherit_metadata"]
lock_version = "4.4.2"
content_hash = "sha256:0571b446d790ca3870c4f5177287c4e4dc8839271aaf39da8a9f24274b5c04a5"

[[package]]
name = "shipzo-mult"
version = "0.1.2"
requires_python = ">=3.9"
summary = "Default template for PDM package"
groups = ["default"]
files = [
    {file = "shipzo_mult-0.1.2-py3-none-any.whl", hash = "sha256:a474a7354ce93fe51d0495cca5ace5b41f419da49d750bf08f8c99ebbee10f61"},
    {file = "shipzo_mult-0.1.2.tar.gz", hash = "sha256:c9cd0b762bc79b8658e2cc1c2762f5bad537b835c0a273684d4b3c9c8d72b5f1"},
]
