# This file is @generated by PDM.
# It is not intended for manual editing.

[metadata]
groups = ["default"]
strategy = ["cross_platform", "inherit_metadata"]
lock_version = "4.4.2"
content_hash = "sha256:699eb84e3abafe0920d61fe6d5342bec630861a92b86161e63a69ba0f44f54b2"

[[package]]
name = "shipzo-divide"
version = "0.1.0"
requires_python = ">=3.9"
summary = "Default template for PDM package"
groups = ["default"]
files = [
    {file = "shipzo_divide-0.1.0-py3-none-any.whl", hash = "sha256:0db3d0b5274039cf55bea7702244cbfa632980507921188763f05f0464df912d"},
    {file = "shipzo_divide-0.1.0.tar.gz", hash = "sha256:14665511e47ea2fb573246c840e840ef66684d77f0acf838990191860acf17a5"},
]

[[package]]
name = "shipzo-mult"
version = "0.1.0"
requires_python = ">=3.9"
summary = "Default template for PDM package"
groups = ["default"]
files = [
    {file = "shipzo_mult-0.1.0-py3-none-any.whl", hash = "sha256:1f816e884453841d13c7e9294c054b9ccc75ddf79cea52764c28a75455b5b7e6"},
    {file = "shipzo_mult-0.1.0.tar.gz", hash = "sha256:b4aa02c7cc9889ce0dd3fd630bcde75cd02378e13fe31dd5143cb6fa2b8cd86a"},
]

[[package]]
name = "shipzo-plus"
version = "0.1.3"
requires_python = ">=3.9"
summary = "Default template for PDM package"
groups = ["default"]
files = [
    {file = "shipzo_plus-0.1.3-py3-none-any.whl", hash = "sha256:ff5164cbc0f2c8011de8eea008f285906f1fb47d1dc98cae94f9739fe06fe779"},
    {file = "shipzo_plus-0.1.3.tar.gz", hash = "sha256:e43736e6e444975e60f6532dc4d84edad845f80c6e117ddfd92f7fbfbff3ac01"},
]
